
Microsoft Visual Studio Solution File, Format Version 12.00
# Visual Studio 15
Project("{FAE04EC0-301F-11D3-BF4B-00C04F79EFBC}") = "MethodExercise", "MethodExercise\MethodExercise.csproj", "{157E7D3D-8E22-4E72-96CC-3142437F6455}"
EndProject
Global
	GlobalSection(SolutionConfigurationPlatforms) = preSolution
		Debug|Any CPU = Debug|Any CPU
		Release|Any CPU = Release|Any CPU
	EndGlobalSection
	GlobalSection(ProjectConfigurationPlatforms) = postSolution
		{157E7D3D-8E22-4E72-96CC-3142437F6455}.Debug|Any CPU.ActiveCfg = Debug|Any CPU
		{157E7D3D-8E22-4E72-96CC-3142437F6455}.Debug|Any CPU.Build.0 = Debug|Any CPU
		{157E7D3D-8E22-4E72-96CC-3142437F6455}.Release|Any CPU.ActiveCfg = Release|Any CPU
		{157E7D3D-8E22-4E72-96CC-3142437F6455}.Release|Any CPU.Build.0 = Release|Any CPU
	EndGlobalSection
EndGlobal
